
Microsoft Visual Studio Solution File, Format Version 12.00
# Visual Studio Version 17
VisualStudioVersion = 17.8.34330.188
MinimumVisualStudioVersion = 10.0.40219.1
Project("{9A19103F-16F7-4668-BE54-9A1E7A4F7556}") = "MagicVilla_VillaAPI", "MagicVilla_VillaAPI\MagicVilla_VillaAPI.csproj", "{6A9A7507-EFBD-4C30-A93C-1680EAA651D4}"
EndProject
Project("{9A19103F-16F7-4668-BE54-9A1E7A4F7556}") = "MagicVilla_Web", "MagicVilla_Web\MagicVilla_Web.csproj", "{3B45C9C7-5DB8-49B1-8645-CC3D9F6E83B0}"
EndProject
Project("{FAE04EC0-301F-11D3-BF4B-00C04F79EFBC}") = "MagicVilla_Utility", "MagicVilla_Utility\MagicVilla_Utility.csproj", "{AF8E83F1-D60E-4D0E-AD6C-22B2F06246D9}"
EndProject
Global
	GlobalSection(SolutionConfigurationPlatforms) = preSolution
		Debug|Any CPU = Debug|Any CPU
		Release|Any CPU = Release|Any CPU
	EndGlobalSection
	GlobalSection(ProjectConfigurationPlatforms) = postSolution
		{6A9A7507-EFBD-4C30-A93C-1680EAA651D4}.Debug|Any CPU.ActiveCfg = Debug|Any CPU
		{6A9A7507-EFBD-4C30-A93C-1680EAA651D4}.Debug|Any CPU.Build.0 = Debug|Any CPU
		{6A9A7507-EFBD-4C30-A93C-1680EAA651D4}.Release|Any CPU.ActiveCfg = Release|Any CPU
		{6A9A7507-EFBD-4C30-A93C-1680EAA651D4}.Release|Any CPU.Build.0 = Release|Any CPU
		{3B45C9C7-5DB8-49B1-8645-CC3D9F6E83B0}.Debug|Any CPU.ActiveCfg = Debug|Any CPU
		{3B45C9C7-5DB8-49B1-8645-CC3D9F6E83B0}.Debug|Any CPU.Build.0 = Debug|Any CPU
		{3B45C9C7-5DB8-49B1-8645-CC3D9F6E83B0}.Release|Any CPU.ActiveCfg = Release|Any CPU
		{3B45C9C7-5DB8-49B1-8645-CC3D9F6E83B0}.Release|Any CPU.Build.0 = Release|Any CPU
		{AF8E83F1-D60E-4D0E-AD6C-22B2F06246D9}.Debug|Any CPU.ActiveCfg = Debug|Any CPU
		{AF8E83F1-D60E-4D0E-AD6C-22B2F06246D9}.Debug|Any CPU.Build.0 = Debug|Any CPU
		{AF8E83F1-D60E-4D0E-AD6C-22B2F06246D9}.Release|Any CPU.ActiveCfg = Release|Any CPU
		{AF8E83F1-D60E-4D0E-AD6C-22B2F06246D9}.Release|Any CPU.Build.0 = Release|Any CPU
	EndGlobalSection
	GlobalSection(SolutionProperties) = preSolution
		HideSolutionNode = FALSE
	EndGlobalSection
	GlobalSection(ExtensibilityGlobals) = postSolution
		SolutionGuid = {B1DC3FE3-D385-46B6-AD6E-B2C83184E6C6}
	EndGlobalSection
EndGlobal
